
Microsoft Visual Studio Solution File, Format Version 12.00
# Visual Studio 2012
Project("{E24C65DC-7377-472B-9ABA-BC803B73C61A}") = "WebSite5", "http://localhost:5185", "{C89862AF-6DE8-4B29-9CF9-9C2483C96006}"
	ProjectSection(WebsiteProperties) = preProject
		UseIISExpress = "true"
		TargetFrameworkMoniker = ".NETFramework,Version%3Dv4.5"
		Debug.AspNetCompiler.VirtualPath = "/localhost_5185"
		Debug.AspNetCompiler.PhysicalPath = "..\..\WebSites\WebSite5\"
		Debug.AspNetCompiler.TargetPath = "PrecompiledWeb\localhost_5185\"
		Debug.AspNetCompiler.Updateable = "true"
		Debug.AspNetCompiler.ForceOverwrite = "true"
		Debug.AspNetCompiler.FixedNames = "false"
		Debug.AspNetCompiler.Debug = "True"
		Release.AspNetCompiler.VirtualPath = "/localhost_5185"
		Release.AspNetCompiler.PhysicalPath = "..\..\WebSites\WebSite5\"
		Release.AspNetCompiler.TargetPath = "PrecompiledWeb\localhost_5185\"
		Release.AspNetCompiler.Updateable = "true"
		Release.AspNetCompiler.ForceOverwrite = "true"
		Release.AspNetCompiler.FixedNames = "false"
		Release.AspNetCompiler.Debug = "False"
		SlnRelativePath = "..\..\WebSites\WebSite5\"
		DefaultWebSiteLanguage = "Visual C#"
	EndProjectSection
EndProject
Global
	GlobalSection(SolutionConfigurationPlatforms) = preSolution
		Debug|Any CPU = Debug|Any CPU
	EndGlobalSection
	GlobalSection(ProjectConfigurationPlatforms) = postSolution
		{C89862AF-6DE8-4B29-9CF9-9C2483C96006}.Debug|Any CPU.ActiveCfg = Debug|Any CPU
		{C89862AF-6DE8-4B29-9CF9-9C2483C96006}.Debug|Any CPU.Build.0 = Debug|Any CPU
	EndGlobalSection
	GlobalSection(SolutionProperties) = preSolution
		HideSolutionNode = FALSE
	EndGlobalSection
EndGlobal
